{
  "lockfileVersion": 1,
  "configVersion": 1,
  "workspaces": {
    "": {
      "name": "tabghost",
    },
    "apps/control-panel": {
      "name": "@tabghost/control-panel",
      "version": "0.1.0",
      "dependencies": {
        "hono": "^4.6.0",
      },
      "devDependencies": {
        "@types/node": "^22.0.0",
        "typescript": "^5.6.0",
      },
    },
    "apps/desktop": {
      "name": "@tabghost/desktop",
      "version": "0.1.0",
      "bin": {
        "tabghost": "./src/cli.ts",
      },
      "dependencies": {
        "@tabghost/session-core": "workspace:*",
        "hono": "^4.6.0",
        "playwright": "^1.48.0",
      },
      "devDependencies": {
        "@types/node": "^22.0.0",
        "typescript": "^5.6.0",
      },
    },
    "packages/session-core": {
      "name": "@tabghost/session-core",
      "version": "0.1.0",
      "dependencies": {
        "playwright": "^1.48.0",
        "zod": "^3.23.8",
      },
      "devDependencies": {
        "@types/node": "^22.0.0",
        "typescript": "^5.6.0",
      },
    },
  },
  "packages": {
    "@tabghost/control-panel": ["@tabghost/control-panel@workspace:apps/control-panel"],

    "@tabghost/desktop": ["@tabghost/desktop@workspace:apps/desktop"],

    "@tabghost/session-core": ["@tabghost/session-core@workspace:packages/session-core"],

    "@types/node": ["@types/node@22.20.0", "", { "dependencies": { "undici-types": "~6.21.0" } }, "sha512-QWlFW2wf3nTjC13/DqRnBpR4ZO36VJH/JVBkA/vcnmbTBNQIlnObqyqZE1tUR7+Ni23Lda8R1BxMfbXRpCUx5g=="],

    "fsevents": ["fsevents@2.3.2", "", { "os": "darwin" }, "sha512-xiqMQR4xAeHTuB9uWm+fFRcIOgKBMiOBP+eXiyT7jsgVCq1bkVygt00oASowB7EdtpOHaaPgKt812P9ab+DDKA=="],

    "hono": ["hono@4.12.27", "", {}, "sha512-1yrb/+w6HWQJrUCLkJ2IF5jNIPvvFkblV5RNOYl6bV+OA6p9GLcMpHFFGTosSvHvcAUibuUukRqhlYI4z32C7Q=="],

    "playwright": ["playwright@1.61.1", "", { "dependencies": { "playwright-core": "1.61.1" }, "optionalDependencies": { "fsevents": "2.3.2" }, "bin": { "playwright": "cli.js" } }, "sha512-DWnY5o3YbLWK4GovuAVwpqL+1VwGNdUGrRr++8j8PtQQzvAVZUIMjKQ90fY689sEJZJBbZVw1rXaOKSTitkzPQ=="],

    "playwright-core": ["playwright-core@1.61.1", "", { "bin": { "playwright-core": "cli.js" } }, "sha512-h7Qlt6m4REp25qvIdvbDtVmD4LqVXfpRxhORv9L0jzETM05p4fuPJ3dKyuSXQxDSbXnmS79HAgi9589lGSpLkg=="],

    "typescript": ["typescript@5.9.3", "", { "bin": { "tsc": "bin/tsc", "tsserver": "bin/tsserver" } }, "sha512-jl1vZzPDinLr9eUt3J/t7V6FgNEw9QjvBPdysz9KfQDD41fQrC2Y4vKQdiaUpFT4bXlb1RHhLpp8wtm6M5TgSw=="],

    "undici-types": ["undici-types@6.21.0", "", {}, "sha512-iwDZqg0QAGrg9Rav5H4n0M64c3mkR59cJ6wQp+7C4nI0gsmExaedaYLNO44eT4AtBBwjbTiGPMlt2Md0T9H9JQ=="],

    "zod": ["zod@3.25.76", "", {}, "sha512-gzUt/qt81nXsFGKIFcC3YnfEAx5NkunCfnDlvuBSSFS02bcXu4Lmea0AFIUwbLWxWPx3d9p8S5QoaujKcNQxcQ=="],
  }
}
